
Microsoft Visual Studio Solution File, Format Version 12.00
# Visual Studio 15
VisualStudioVersion = 15.0.27130.2010
MinimumVisualStudioVersion = 10.0.40219.1
Project("{9A19103F-16F7-4668-BE54-9A1E7A4F7556}") = "AM.Common.Validation", "src\AM.Common\AM.Common.Validation.csproj", "{CD58B1B3-9DDB-4052-9360-42E1D4EC29CA}"
EndProject
Project("{9A19103F-16F7-4668-BE54-9A1E7A4F7556}") = "AM.Common.Validation.Tests", "test\AM.Common.Tests\AM.Common.Validation.Tests.csproj", "{16C4F559-76FF-4D76-BB5C-C3014ADD531D}"
EndProject
Project("{2150E333-8FDC-42A3-9474-1A3956D46DE8}") = "Solution Items", "Solution Items", "{72CAA73C-FFF2-46F7-99C7-89F0653A1FD5}"
	ProjectSection(SolutionItems) = preProject
		.travis.yml = .travis.yml
		README.md = README.md
	EndProjectSection
EndProject
Global
	GlobalSection(SolutionConfigurationPlatforms) = preSolution
		Debug|Any CPU = Debug|Any CPU
		Release|Any CPU = Release|Any CPU
	EndGlobalSection
	GlobalSection(ProjectConfigurationPlatforms) = postSolution
		{CD58B1B3-9DDB-4052-9360-42E1D4EC29CA}.Debug|Any CPU.ActiveCfg = Debug|Any CPU
		{CD58B1B3-9DDB-4052-9360-42E1D4EC29CA}.Debug|Any CPU.Build.0 = Debug|Any CPU
		{CD58B1B3-9DDB-4052-9360-42E1D4EC29CA}.Release|Any CPU.ActiveCfg = Release|Any CPU
		{CD58B1B3-9DDB-4052-9360-42E1D4EC29CA}.Release|Any CPU.Build.0 = Release|Any CPU
		{16C4F559-76FF-4D76-BB5C-C3014ADD531D}.Debug|Any CPU.ActiveCfg = Debug|Any CPU
		{16C4F559-76FF-4D76-BB5C-C3014ADD531D}.Debug|Any CPU.Build.0 = Debug|Any CPU
		{16C4F559-76FF-4D76-BB5C-C3014ADD531D}.Release|Any CPU.ActiveCfg = Release|Any CPU
		{16C4F559-76FF-4D76-BB5C-C3014ADD531D}.Release|Any CPU.Build.0 = Release|Any CPU
	EndGlobalSection
	GlobalSection(SolutionProperties) = preSolution
		HideSolutionNode = FALSE
	EndGlobalSection
	GlobalSection(ExtensibilityGlobals) = postSolution
		SolutionGuid = {EA6792D4-9732-4EA8-916C-5A1756121926}
	EndGlobalSection
EndGlobal
